
Microsoft Visual Studio Solution File, Format Version 12.00
# Visual Studio Version 16
VisualStudioVersion = 16.0.31205.134
MinimumVisualStudioVersion = 10.0.40219.1
Project("{FAE04EC0-301F-11D3-BF4B-00C04F79EFBC}") = "MAPF_Project_CSharp", "MAPF_Project_CSharp\MAPF_Project_CSharp.csproj", "{FB01D049-3560-4711-8969-F1979D8A2533}"
EndProject
Project("{9A19103F-16F7-4668-BE54-9A1E7A4F7556}") = "SATInterface", "SATInterface\SATInterface.csproj", "{4D0F3B33-A0B6-433B-B385-3C0F53744F55}"
EndProject
Global
	GlobalSection(SolutionConfigurationPlatforms) = preSolution
		Debug|Any CPU = Debug|Any CPU
		Release|Any CPU = Release|Any CPU
	EndGlobalSection
	GlobalSection(ProjectConfigurationPlatforms) = postSolution
		{FB01D049-3560-4711-8969-F1979D8A2533}.Debug|Any CPU.ActiveCfg = Debug|Any CPU
		{FB01D049-3560-4711-8969-F1979D8A2533}.Debug|Any CPU.Build.0 = Debug|Any CPU
		{FB01D049-3560-4711-8969-F1979D8A2533}.Release|Any CPU.ActiveCfg = Release|Any CPU
		{FB01D049-3560-4711-8969-F1979D8A2533}.Release|Any CPU.Build.0 = Release|Any CPU
		{4D0F3B33-A0B6-433B-B385-3C0F53744F55}.Debug|Any CPU.ActiveCfg = Debug|Any CPU
		{4D0F3B33-A0B6-433B-B385-3C0F53744F55}.Debug|Any CPU.Build.0 = Debug|Any CPU
		{4D0F3B33-A0B6-433B-B385-3C0F53744F55}.Release|Any CPU.ActiveCfg = Release|Any CPU
		{4D0F3B33-A0B6-433B-B385-3C0F53744F55}.Release|Any CPU.Build.0 = Release|Any CPU
	EndGlobalSection
	GlobalSection(SolutionProperties) = preSolution
		HideSolutionNode = FALSE
	EndGlobalSection
	GlobalSection(ExtensibilityGlobals) = postSolution
		SolutionGuid = {00DEBE26-26F3-4C95-BE67-FBFF78E68E8E}
	EndGlobalSection
EndGlobal
